
Microsoft Visual Studio Solution File, Format Version 12.00
# Visual Studio Version 17
VisualStudioVersion = 17.14.36127.28
MinimumVisualStudioVersion = 10.0.40219.1
Project("{FAE04EC0-301F-11D3-BF4B-00C04F79EFBC}") = "BinaryCollection", "BinaryCollection\BinaryCollection.csproj", "{158DD507-AE3B-4029-AB6B-BD98709F18AE}"
EndProject
Project("{FAE04EC0-301F-11D3-BF4B-00C04F79EFBC}") = "Sample", "Sample\Sample.csproj", "{7DB3AB90-F63A-4427-BC15-6CB56239D0FB}"
EndProject
Project("{FAE04EC0-301F-11D3-BF4B-00C04F79EFBC}") = "HashGeneratorExample", "HashGeneratorExample\HashGeneratorExample.csproj", "{910C51B0-DE50-4639-B821-7F2D85ED6C7C}"
EndProject
Global
	GlobalSection(SolutionConfigurationPlatforms) = preSolution
		Debug|Any CPU = Debug|Any CPU
		Release|Any CPU = Release|Any CPU
	EndGlobalSection
	GlobalSection(ProjectConfigurationPlatforms) = postSolution
		{158DD507-AE3B-4029-AB6B-BD98709F18AE}.Debug|Any CPU.ActiveCfg = Debug|Any CPU
		{158DD507-AE3B-4029-AB6B-BD98709F18AE}.Debug|Any CPU.Build.0 = Debug|Any CPU
		{158DD507-AE3B-4029-AB6B-BD98709F18AE}.Release|Any CPU.ActiveCfg = Release|Any CPU
		{158DD507-AE3B-4029-AB6B-BD98709F18AE}.Release|Any CPU.Build.0 = Release|Any CPU
		{7DB3AB90-F63A-4427-BC15-6CB56239D0FB}.Debug|Any CPU.ActiveCfg = Debug|Any CPU
		{7DB3AB90-F63A-4427-BC15-6CB56239D0FB}.Debug|Any CPU.Build.0 = Debug|Any CPU
		{7DB3AB90-F63A-4427-BC15-6CB56239D0FB}.Release|Any CPU.ActiveCfg = Release|Any CPU
		{7DB3AB90-F63A-4427-BC15-6CB56239D0FB}.Release|Any CPU.Build.0 = Release|Any CPU
		{910C51B0-DE50-4639-B821-7F2D85ED6C7C}.Debug|Any CPU.ActiveCfg = Debug|Any CPU
		{910C51B0-DE50-4639-B821-7F2D85ED6C7C}.Debug|Any CPU.Build.0 = Debug|Any CPU
		{910C51B0-DE50-4639-B821-7F2D85ED6C7C}.Release|Any CPU.ActiveCfg = Release|Any CPU
		{910C51B0-DE50-4639-B821-7F2D85ED6C7C}.Release|Any CPU.Build.0 = Release|Any CPU
	EndGlobalSection
	GlobalSection(SolutionProperties) = preSolution
		HideSolutionNode = FALSE
	EndGlobalSection
	GlobalSection(ExtensibilityGlobals) = postSolution
		SolutionGuid = {B5112547-07A2-42CE-ABAF-95DEB28967C0}
	EndGlobalSection
EndGlobal
